
Microsoft Visual Studio Solution File, Format Version 12.00
# Visual Studio 2013
VisualStudioVersion = 12.0.21005.1
MinimumVisualStudioVersion = 10.0.40219.1
Project("{FAE04EC0-301F-11D3-BF4B-00C04F79EFBC}") = "GraduationProject", "GraduationProject\GraduationProject.csproj", "{D122E4C2-366B-4F32-B8EE-6E064603615C}"
EndProject
Project("{FAE04EC0-301F-11D3-BF4B-00C04F79EFBC}") = "Model", "Model\Model.csproj", "{CBA98EA9-A913-46A7-AFE3-8B729F50484D}"
EndProject
Project("{FAE04EC0-301F-11D3-BF4B-00C04F79EFBC}") = "BLL", "BLL\BLL.csproj", "{896A9A0B-4BE6-473A-AF6E-F3C714AC1378}"
EndProject
Project("{FAE04EC0-301F-11D3-BF4B-00C04F79EFBC}") = "DAL", "DAL\DAL.csproj", "{D97200B9-1F28-4AB3-914B-30B642B52C79}"
EndProject
Global
	GlobalSection(SolutionConfigurationPlatforms) = preSolution
		Debug|Any CPU = Debug|Any CPU
		Release|Any CPU = Release|Any CPU
	EndGlobalSection
	GlobalSection(ProjectConfigurationPlatforms) = postSolution
		{D122E4C2-366B-4F32-B8EE-6E064603615C}.Debug|Any CPU.ActiveCfg = Debug|Any CPU
		{D122E4C2-366B-4F32-B8EE-6E064603615C}.Debug|Any CPU.Build.0 = Debug|Any CPU
		{D122E4C2-366B-4F32-B8EE-6E064603615C}.Release|Any CPU.ActiveCfg = Release|Any CPU
		{D122E4C2-366B-4F32-B8EE-6E064603615C}.Release|Any CPU.Build.0 = Release|Any CPU
		{CBA98EA9-A913-46A7-AFE3-8B729F50484D}.Debug|Any CPU.ActiveCfg = Debug|Any CPU
		{CBA98EA9-A913-46A7-AFE3-8B729F50484D}.Debug|Any CPU.Build.0 = Debug|Any CPU
		{CBA98EA9-A913-46A7-AFE3-8B729F50484D}.Release|Any CPU.ActiveCfg = Release|Any CPU
		{CBA98EA9-A913-46A7-AFE3-8B729F50484D}.Release|Any CPU.Build.0 = Release|Any CPU
		{896A9A0B-4BE6-473A-AF6E-F3C714AC1378}.Debug|Any CPU.ActiveCfg = Debug|Any CPU
		{896A9A0B-4BE6-473A-AF6E-F3C714AC1378}.Debug|Any CPU.Build.0 = Debug|Any CPU
		{896A9A0B-4BE6-473A-AF6E-F3C714AC1378}.Release|Any CPU.ActiveCfg = Release|Any CPU
		{896A9A0B-4BE6-473A-AF6E-F3C714AC1378}.Release|Any CPU.Build.0 = Release|Any CPU
		{D97200B9-1F28-4AB3-914B-30B642B52C79}.Debug|Any CPU.ActiveCfg = Debug|Any CPU
		{D97200B9-1F28-4AB3-914B-30B642B52C79}.Debug|Any CPU.Build.0 = Debug|Any CPU
		{D97200B9-1F28-4AB3-914B-30B642B52C79}.Release|Any CPU.ActiveCfg = Release|Any CPU
		{D97200B9-1F28-4AB3-914B-30B642B52C79}.Release|Any CPU.Build.0 = Release|Any CPU
	EndGlobalSection
	GlobalSection(SolutionProperties) = preSolution
		HideSolutionNode = FALSE
	EndGlobalSection
EndGlobal
